
Microsoft Visual Studio Solution File, Format Version 12.00
# Visual Studio Version 16
VisualStudioVersion = 16.0.31613.86
MinimumVisualStudioVersion = 10.0.40219.1
Project("{9A19103F-16F7-4668-BE54-9A1E7A4F7556}") = "EssoxApiConnector", "EssoxApiConnector\EssoxApiConnector.csproj", "{3ABEB52A-5369-4B3B-8AB2-BDF7FE9A9D2C}"
EndProject
Project("{2150E333-8FDC-42A3-9474-1A3956D46DE8}") = "SolutionItems", "SolutionItems", "{F03CFB7F-EA83-4C0A-B20D-7D74790E46FE}"
	ProjectSection(SolutionItems) = preProject
		.gitignore = .gitignore
		.editorconfig = .editorconfig
	EndProjectSection
EndProject
Global
	GlobalSection(SolutionConfigurationPlatforms) = preSolution
		Debug|Any CPU = Debug|Any CPU
		Release|Any CPU = Release|Any CPU
	EndGlobalSection
	GlobalSection(ProjectConfigurationPlatforms) = postSolution
		{3ABEB52A-5369-4B3B-8AB2-BDF7FE9A9D2C}.Debug|Any CPU.ActiveCfg = Debug|Any CPU
		{3ABEB52A-5369-4B3B-8AB2-BDF7FE9A9D2C}.Debug|Any CPU.Build.0 = Debug|Any CPU
		{3ABEB52A-5369-4B3B-8AB2-BDF7FE9A9D2C}.Release|Any CPU.ActiveCfg = Release|Any CPU
		{3ABEB52A-5369-4B3B-8AB2-BDF7FE9A9D2C}.Release|Any CPU.Build.0 = Release|Any CPU
	EndGlobalSection
	GlobalSection(SolutionProperties) = preSolution
		HideSolutionNode = FALSE
	EndGlobalSection
	GlobalSection(ExtensibilityGlobals) = postSolution
		SolutionGuid = {2545A64A-4A00-4F0C-931B-61E50B8C292D}
	EndGlobalSection
EndGlobal
